{
  "lockfileVersion": 1,
  "workspaces": {
    "": {
      "name": "mychatapp",
      "dependencies": {
        "backend": "^0.0.0",
      },
    },
  },
  "packages": {
    "backend": ["backend@0.0.0", "", {}, "sha512-Fq2aG5+zmmsKv2Dhm3ijAU5spnKOb5ldJlnnC/Vhk6n8In6zaq9eCPBMRiz2j94P/r84QEaBmtwh9tjaDPiQqg=="],
  }
}
